
Microsoft Visual Studio Solution File, Format Version 12.00
# Visual Studio Version 16
VisualStudioVersion = 16.0.31410.357
MinimumVisualStudioVersion = 10.0.40219.1
Project("{FAE04EC0-301F-11D3-BF4B-00C04F79EFBC}") = "DelcoreMA2", "DelcoreMA2.csproj", "{CF154D19-093F-495E-AD0A-C445541D8DBD}"
EndProject
Global
	GlobalSection(SolutionConfigurationPlatforms) = preSolution
		Debug|Any CPU = Debug|Any CPU
		Release|Any CPU = Release|Any CPU
	EndGlobalSection
	GlobalSection(ProjectConfigurationPlatforms) = postSolution
		{CF154D19-093F-495E-AD0A-C445541D8DBD}.Debug|Any CPU.ActiveCfg = Debug|Any CPU
		{CF154D19-093F-495E-AD0A-C445541D8DBD}.Debug|Any CPU.Build.0 = Debug|Any CPU
		{CF154D19-093F-495E-AD0A-C445541D8DBD}.Release|Any CPU.ActiveCfg = Release|Any CPU
		{CF154D19-093F-495E-AD0A-C445541D8DBD}.Release|Any CPU.Build.0 = Release|Any CPU
	EndGlobalSection
	GlobalSection(SolutionProperties) = preSolution
		HideSolutionNode = FALSE
	EndGlobalSection
	GlobalSection(ExtensibilityGlobals) = postSolution
		SolutionGuid = {7984D80F-7B45-4093-B65F-DC7D9F2C7075}
	EndGlobalSection
EndGlobal
